
Microsoft Visual Studio Solution File, Format Version 12.00
# Visual Studio Version 16
VisualStudioVersion = 16.0.29613.14
MinimumVisualStudioVersion = 10.0.40219.1
Project("{FAE04EC0-301F-11D3-BF4B-00C04F79EFBC}") = "ShoppingApp", "ShoppingApp\ShoppingApp.csproj", "{87D18E94-32F1-4B58-AFA7-32FA467C5DD0}"
EndProject
Global
	GlobalSection(SolutionConfigurationPlatforms) = preSolution
		Debug|Any CPU = Debug|Any CPU
		Release|Any CPU = Release|Any CPU
	EndGlobalSection
	GlobalSection(ProjectConfigurationPlatforms) = postSolution
		{87D18E94-32F1-4B58-AFA7-32FA467C5DD0}.Debug|Any CPU.ActiveCfg = Debug|Any CPU
		{87D18E94-32F1-4B58-AFA7-32FA467C5DD0}.Debug|Any CPU.Build.0 = Debug|Any CPU
		{87D18E94-32F1-4B58-AFA7-32FA467C5DD0}.Release|Any CPU.ActiveCfg = Release|Any CPU
		{87D18E94-32F1-4B58-AFA7-32FA467C5DD0}.Release|Any CPU.Build.0 = Release|Any CPU
	EndGlobalSection
	GlobalSection(SolutionProperties) = preSolution
		HideSolutionNode = FALSE
	EndGlobalSection
	GlobalSection(ExtensibilityGlobals) = postSolution
		SolutionGuid = {475590D2-9DB2-4418-8304-0AF91D248CC0}
	EndGlobalSection
EndGlobal
